PODS:
  - AppAuth (1.4.0):
    - AppAuth/Core (= 1.4.0)
    - AppAuth/ExternalUserAgent (= 1.4.0)
  - AppAuth/Core (1.4.0)
  - AppAuth/ExternalUserAgent (1.4.0)
  - GoogleAPIClientForREST/Core (1.2.1):
    - GTMSessionFetcher (>= 1.1.7)
  - GoogleAPIClientForREST/Drive (1.2.1):
    - GoogleAPIClientForREST/Core
    - GTMSessionFetcher (>= 1.1.7)
  - GTMAppAuth (1.0.0):
    - AppAuth/Core (~> 1.0)
    - GTMSessionFetcher (~> 1.1)
  - GTMSessionFetcher (1.4.0):
    - GTMSessionFetcher/Full (= 1.4.0)
  - GTMSessionFetcher/Core (1.4.0)
  - GTMSessionFetcher/Full (1.4.0):
    - GTMSessionFetcher/Core (= 1.4.0)
  - ObjectMapper (3.5.3)
  - ZIPFoundation (0.9.11)

DEPENDENCIES:
  - AppAuth
  - GoogleAPIClientForREST/Drive (~> 1.2.1)
  - GTMAppAuth
  - ObjectMapper (~> 3.5)
  - ZIPFoundation (~> 0.9)

SPEC REPOS:
  trunk:
    - AppAuth
    - GoogleAPIClientForREST
    - GTMAppAuth
    - GTMSessionFetcher
    - ObjectMapper
    - ZIPFoundation

SPEC CHECKSUMS:
  AppAuth: 31bcec809a638d7bd2f86ea8a52bd45f6e81e7c7
  GoogleAPIClientForREST: a8b95a252014ce2e618df6b75dc72eca2c00b4af
  GTMAppAuth: 4deac854479704f348309e7b66189e604cf5e01e
  GTMSessionFetcher: 6f5c8abbab8a9bce4bb3f057e317728ec6182b10
  ObjectMapper: 97111c97e054a6ee25917662106689f0b4127b37
  ZIPFoundation: b1f0de4eed33e74a676f76e12559ab6b75990197

PODFILE CHECKSUM: c805935f19c498990a4e76dee3d6b9e944e6e30c

COCOAPODS: 1.9.3
